
Microsoft Visual Studio Solution File, Format Version 12.00
# Visual Studio Version 16
VisualStudioVersion = 16.0.29123.88
MinimumVisualStudioVersion = 10.0.40219.1
Project("{8BC9CEB8-8B4A-11D0-8D11-00A0C91BC942}") = "ToolKit", "ToolKit\ToolKit.vcxproj", "{B06CB5AA-35CE-4293-A3CA-78E87D8B44E5}"
EndProject
Global
	GlobalSection(SolutionConfigurationPlatforms) = preSolution
		Debug|x64 = Debug|x64
		Debug|x86 = Debug|x86
		Release|x64 = Release|x64
		Release|x86 = Release|x86
	EndGlobalSection
	GlobalSection(ProjectConfigurationPlatforms) = postSolution
		{B06CB5AA-35CE-4293-A3CA-78E87D8B44E5}.Debug|x64.ActiveCfg = Debug|x64
		{B06CB5AA-35CE-4293-A3CA-78E87D8B44E5}.Debug|x64.Build.0 = Debug|x64
		{B06CB5AA-35CE-4293-A3CA-78E87D8B44E5}.Debug|x86.ActiveCfg = Debug|Win32
		{B06CB5AA-35CE-4293-A3CA-78E87D8B44E5}.Debug|x86.Build.0 = Debug|Win32
		{B06CB5AA-35CE-4293-A3CA-78E87D8B44E5}.Release|x64.ActiveCfg = Release|x64
		{B06CB5AA-35CE-4293-A3CA-78E87D8B44E5}.Release|x64.Build.0 = Release|x64
		{B06CB5AA-35CE-4293-A3CA-78E87D8B44E5}.Release|x86.ActiveCfg = Release|Win32
		{B06CB5AA-35CE-4293-A3CA-78E87D8B44E5}.Release|x86.Build.0 = Release|Win32
	EndGlobalSection
	GlobalSection(SolutionProperties) = preSolution
		HideSolutionNode = FALSE
	EndGlobalSection
	GlobalSection(ExtensibilityGlobals) = postSolution
		SolutionGuid = {60ADF12C-931C-48CE-A265-B057EFBDB20D}
	EndGlobalSection
EndGlobal
